
Microsoft Visual Studio Solution File, Format Version 12.00
# Visual Studio 15
VisualStudioVersion = 15.0.26403.0
MinimumVisualStudioVersion = 10.0.40219.1
Project("{FAE04EC0-301F-11D3-BF4B-00C04F79EFBC}") = "SportsStore.Domain", "SportsStore.Domain\SportsStore.Domain.csproj", "{1C0D23F9-2CA3-437B-9C35-B5B886BAD9D4}"
EndProject
Project("{FAE04EC0-301F-11D3-BF4B-00C04F79EFBC}") = "SportsStore.UnitTests", "SportsStore.UnitTests\SportsStore.UnitTests.csproj", "{6486CC90-1586-4673-B1E1-9D0D841A2762}"
EndProject
Project("{FAE04EC0-301F-11D3-BF4B-00C04F79EFBC}") = "SportsStore.WebUI", "SportsStore.WebUI\SportsStore.WebUI.csproj", "{925E761D-C908-45DC-BB0F-69D8446C93A1}"
EndProject
Global
	GlobalSection(SolutionConfigurationPlatforms) = preSolution
		Debug|Any CPU = Debug|Any CPU
		Release|Any CPU = Release|Any CPU
	EndGlobalSection
	GlobalSection(ProjectConfigurationPlatforms) = postSolution
		{1C0D23F9-2CA3-437B-9C35-B5B886BAD9D4}.Debug|Any CPU.ActiveCfg = Debug|Any CPU
		{1C0D23F9-2CA3-437B-9C35-B5B886BAD9D4}.Debug|Any CPU.Build.0 = Debug|Any CPU
		{1C0D23F9-2CA3-437B-9C35-B5B886BAD9D4}.Release|Any CPU.ActiveCfg = Release|Any CPU
		{1C0D23F9-2CA3-437B-9C35-B5B886BAD9D4}.Release|Any CPU.Build.0 = Release|Any CPU
		{6486CC90-1586-4673-B1E1-9D0D841A2762}.Debug|Any CPU.ActiveCfg = Debug|Any CPU
		{6486CC90-1586-4673-B1E1-9D0D841A2762}.Debug|Any CPU.Build.0 = Debug|Any CPU
		{6486CC90-1586-4673-B1E1-9D0D841A2762}.Release|Any CPU.ActiveCfg = Release|Any CPU
		{6486CC90-1586-4673-B1E1-9D0D841A2762}.Release|Any CPU.Build.0 = Release|Any CPU
		{925E761D-C908-45DC-BB0F-69D8446C93A1}.Debug|Any CPU.ActiveCfg = Debug|Any CPU
		{925E761D-C908-45DC-BB0F-69D8446C93A1}.Debug|Any CPU.Build.0 = Debug|Any CPU
		{925E761D-C908-45DC-BB0F-69D8446C93A1}.Release|Any CPU.ActiveCfg = Release|Any CPU
		{925E761D-C908-45DC-BB0F-69D8446C93A1}.Release|Any CPU.Build.0 = Release|Any CPU
	EndGlobalSection
	GlobalSection(SolutionProperties) = preSolution
		HideSolutionNode = FALSE
	EndGlobalSection
EndGlobal
